// !$*UTF8*$!
{
	archiveVersion = 1;
	classes = {
	};
	objectVersion = 50;
	objects = {

/* Begin PBXBuildFile section */
		55344C6522D33FEB00352C61 /* Default-568h@2x.png in Resources */ = {isa = PBXBuildFile; fileRef = 55344C6422D33FEB00352C61 /* Default-568h@2x.png */; };
		55344C6A22D3417F00352C61 /* JSDTabBarController.m in Sources */ = {isa = PBXBuildFile; fileRef = 55344C6922D3417F00352C61 /* JSDTabBarController.m */; };
		55344C6E22D348CE00352C61 /* JSDBaseViewController.m in Sources */ = {isa = PBXBuildFile; fileRef = 55344C6D22D348CE00352C61 /* JSDBaseViewController.m */; };
		55344C7122D3490400352C61 /* JSDBaseNavigationController.m in Sources */ = {isa = PBXBuildFile; fileRef = 55344C7022D3490400352C61 /* JSDBaseNavigationController.m */; };
		55344CA022D41FB600352C61 /* JSDHomeViewController.m in Sources */ = {isa = PBXBuildFile; fileRef = 55344C9F22D41FB600352C61 /* JSDHomeViewController.m */; };
		55344CB322D4204500352C61 /* JSDMainColorTableViewCell.xib in Resources */ = {isa = PBXBuildFile; fileRef = 55344CAD22D4204500352C61 /* JSDMainColorTableViewCell.xib */; };
		55344CB422D4204500352C61 /* JSDMainColorTableViewCell.m in Sources */ = {isa = PBXBuildFile; fileRef = 55344CAE22D4204500352C61 /* JSDMainColorTableViewCell.m */; };
		55344CB522D4204500352C61 /* JSDAssistColorCell.m in Sources */ = {isa = PBXBuildFile; fileRef = 55344CAF22D4204500352C61 /* JSDAssistColorCell.m */; };
		55344CB622D4204500352C61 /* JSDAssistColorCell.xib in Resources */ = {isa = PBXBuildFile; fileRef = 55344CB022D4204500352C61 /* JSDAssistColorCell.xib */; };
		55344CB722D4208700352C61 /* JSDMainColorViewController.m in Sources */ = {isa = PBXBuildFile; fileRef = 55344C9422D41EB000352C61 /* JSDMainColorViewController.m */; };
		55344CB822D4208A00352C61 /* JSDAssistColorViewController.m in Sources */ = {isa = PBXBuildFile; fileRef = 55344C9722D41EB000352C61 /* JSDAssistColorViewController.m */; };
		55344CBA22D4254800352C61 /* JSDMainColor.plist in Resources */ = {isa = PBXBuildFile; fileRef = 55344CB922D4254800352C61 /* JSDMainColor.plist */; };
		55344CBD22D4271700352C61 /* JSDMainColorModel.m in Sources */ = {isa = PBXBuildFile; fileRef = 55344CBC22D4271700352C61 /* JSDMainColorModel.m */; };
		55344CC422D430E800352C61 /* UIColor+JSDStyle.m in Sources */ = {isa = PBXBuildFile; fileRef = 55344CC322D430E800352C61 /* UIColor+JSDStyle.m */; };
		55344CCB22D449E500352C61 /* JSDAssistColorModel.m in Sources */ = {isa = PBXBuildFile; fileRef = 55344CCA22D449E500352C61 /* JSDAssistColorModel.m */; };
		55344CCD22D450F300352C61 /* JSDAssistColor.plist in Resources */ = {isa = PBXBuildFile; fileRef = 55344CCC22D450F300352C61 /* JSDAssistColor.plist */; };
		55344CD122D4881C00352C61 /* UIView+JSDFrame.m in Sources */ = {isa = PBXBuildFile; fileRef = 55344CD022D4881C00352C61 /* UIView+JSDFrame.m */; };
		55344CD822D49A6400352C61 /* JSDEditColorViewController.m in Sources */ = {isa = PBXBuildFile; fileRef = 55344CD722D49A6400352C61 /* JSDEditColorViewController.m */; };
		55B6EEBD22D324D70067E888 /* AppDelegate.m in Sources */ = {isa = PBXBuildFile; fileRef = 55B6EEBC22D324D70067E888 /* AppDelegate.m */; };
		55B6EEC322D324D70067E888 /* Main.storyboard in Resources */ = {isa = PBXBuildFile; fileRef = 55B6EEC122D324D70067E888 /* Main.storyboard */; };
		55B6EEC522D324DA0067E888 /* Assets.xcassets in Resources */ = {isa = PBXBuildFile; fileRef = 55B6EEC422D324DA0067E888 /* Assets.xcassets */; };
		55B6EEC822D324DA0067E888 /* LaunchScreen.storyboard in Resources */ = {isa = PBXBuildFile; fileRef = 55B6EEC622D324DA0067E888 /* LaunchScreen.storyboard */; };
		55B6EECB22D324DA0067E888 /* main.m in Sources */ = {isa = PBXBuildFile; fileRef = 55B6EECA22D324DA0067E888 /* main.m */; };
		55B6EED522D324DA0067E888 /* MaterialColorTests.m in Sources */ = {isa = PBXBuildFile; fileRef = 55B6EED422D324DA0067E888 /* MaterialColorTests.m */; };
		55B6EEE022D324DA0067E888 /* MaterialColorUITests.m in Sources */ = {isa = PBXBuildFile; fileRef = 55B6EEDF22D324DA0067E888 /* MaterialColorUITests.m */; };
		839C1459C0861A9A799E657B /* libPods-MaterialColorUITests.a in Frameworks */ = {isa = PBXBuildFile; fileRef = 6B67DB19B90CB316F33D4427 /* libPods-MaterialColorUITests.a */; };
		9686B564C5B5F5D8A9B58E0F /* libPods-MaterialColorTests.a in Frameworks */ = {isa = PBXBuildFile; fileRef = 3FCB36C9484CDC8C05B328CF /* libPods-MaterialColorTests.a */; };
		9803288E8EB8BC2A3189E5A6 /* libPods-MaterialColor.a in Frameworks */ = {isa = PBXBuildFile; fileRef = D8C0214F944E1447F3D9520F /* libPods-MaterialColor.a */; };
/* End PBXBuildFile section */

/* Begin PBXContainerItemProxy section */
		55B6EED122D324DA0067E888 /* PBXContainerItemProxy */ = {
			isa = PBXContainerItemProxy;
			containerPortal = 55B6EEB022D324D70067E888 /* Project object */;
			proxyType = 1;
			remoteGlobalIDString = 55B6EEB722D324D70067E888;
			remoteInfo = MaterialColor;
		};
		55B6EEDC22D324DA0067E888 /* PBXContainerItemProxy */ = {
			isa = PBXContainerItemProxy;
			containerPortal = 55B6EEB022D324D70067E888 /* Project object */;
			proxyType = 1;
			remoteGlobalIDString = 55B6EEB722D324D70067E888;
			remoteInfo = MaterialColor;
		};
/* End PBXContainerItemProxy section */

/* Begin PBXFileReference section */
		0B3E84808175404E33AC6F1A /* Pods-MaterialColorUITests.release.xcconfig */ = {isa = PBXFileReference; includeInIndex = 1; lastKnownFileType = text.xcconfig; name = "Pods-MaterialColorUITests.release.xcconfig"; path = "Target Support Files/Pods-MaterialColorUITests/Pods-MaterialColorUITests.release.xcconfig"; sourceTree = "<group>"; };
		3FCB36C9484CDC8C05B328CF /* libPods-MaterialColorTests.a */ = {isa = PBXFileReference; explicitFileType = archive.ar; includeInIndex = 0; path = "libPods-MaterialColorTests.a"; sourceTree = BUILT_PRODUCTS_DIR; };
		55344C6422D33FEB00352C61 /* Default-568h@2x.png */ = {isa = PBXFileReference; lastKnownFileType = image.png; path = "Default-568h@2x.png"; sourceTree = "<group>"; };
		55344C6822D3417F00352C61 /* JSDTabBarController.h */ = {isa = PBXFileReference; lastKnownFileType = sourcecode.c.h; path = JSDTabBarController.h; sourceTree = "<group>"; };
		55344C6922D3417F00352C61 /* JSDTabBarController.m */ = {isa = PBXFileReference; lastKnownFileType = sourcecode.c.objc; path = JSDTabBarController.m; sourceTree = "<group>"; };
		55344C6C22D348CE00352C61 /* JSDBaseViewController.h */ = {isa = PBXFileReference; lastKnownFileType = sourcecode.c.h; path = JSDBaseViewController.h; sourceTree = "<group>"; };
		55344C6D22D348CE00352C61 /* JSDBaseViewController.m */ = {isa = PBXFileReference; lastKnownFileType = sourcecode.c.objc; path = JSDBaseViewController.m; sourceTree = "<group>"; };
		55344C6F22D3490400352C61 /* JSDBaseNavigationController.h */ = {isa = PBXFileReference; lastKnownFileType = sourcecode.c.h; path = JSDBaseNavigationController.h; sourceTree = "<group>"; };
		55344C7022D3490400352C61 /* JSDBaseNavigationController.m */ = {isa = PBXFileReference; lastKnownFileType = sourcecode.c.objc; path = JSDBaseNavigationController.m; sourceTree = "<group>"; };
		55344C7622D3528700352C61 /* JSDPrefixHeader.pch */ = {isa = PBXFileReference; lastKnownFileType = sourcecode.c.h; path = JSDPrefixHeader.pch; sourceTree = "<group>"; };
		55344C7722D352CA00352C61 /* JSDMacro.h */ = {isa = PBXFileReference; lastKnownFileType = sourcecode.c.h; path = JSDMacro.h; sourceTree = "<group>"; };
		55344C7822D352D900352C61 /* JSDPublic.h */ = {isa = PBXFileReference; lastKnownFileType = sourcecode.c.h; path = JSDPublic.h; sourceTree = "<group>"; };
		55344C9422D41EB000352C61 /* JSDMainColorViewController.m */ = {isa = PBXFileReference; lastKnownFileType = sourcecode.c.objc; path = JSDMainColorViewController.m; sourceTree = "<group>"; };
		55344C9722D41EB000352C61 /* JSDAssistColorViewController.m */ = {isa = PBXFileReference; lastKnownFileType = sourcecode.c.objc; path = JSDAssistColorViewController.m; sourceTree = "<group>"; };
		55344C9E22D41FB600352C61 /* JSDHomeViewController.h */ = {isa = PBXFileReference; lastKnownFileType = sourcecode.c.h; path = JSDHomeViewController.h; sourceTree = "<group>"; };
		55344C9F22D41FB600352C61 /* JSDHomeViewController.m */ = {isa = PBXFileReference; lastKnownFileType = sourcecode.c.objc; path = JSDHomeViewController.m; sourceTree = "<group>"; };
		55344CAD22D4204500352C61 /* JSDMainColorTableViewCell.xib */ = {isa = PBXFileReference; fileEncoding = 4; lastKnownFileType = file.xib; path = JSDMainColorTableViewCell.xib; sourceTree = "<group>"; };
		55344CAE22D4204500352C61 /* JSDMainColorTableViewCell.m */ = {isa = PBXFileReference; fileEncoding = 4; lastKnownFileType = sourcecode.c.objc; path = JSDMainColorTableViewCell.m; sourceTree = "<group>"; };
		55344CAF22D4204500352C61 /* JSDAssistColorCell.m */ = {isa = PBXFileReference; fileEncoding = 4; lastKnownFileType = sourcecode.c.objc; path = JSDAssistColorCell.m; sourceTree = "<group>"; };
		55344CB022D4204500352C61 /* JSDAssistColorCell.xib */ = {isa = PBXFileReference; fileEncoding = 4; lastKnownFileType = file.xib; path = JSDAssistColorCell.xib; sourceTree = "<group>"; };
		55344CB122D4204500352C61 /* JSDAssistColorCell.h */ = {isa = PBXFileReference; fileEncoding = 4; lastKnownFileType = sourcecode.c.h; path = JSDAssistColorCell.h; sourceTree = "<group>"; };
		55344CB222D4204500352C61 /* JSDMainColorTableViewCell.h */ = {isa = PBXFileReference; fileEncoding = 4; lastKnownFileType = sourcecode.c.h; path = JSDMainColorTableViewCell.h; sourceTree = "<group>"; };
		55344CB922D4254800352C61 /* JSDMainColor.plist */ = {isa = PBXFileReference; lastKnownFileType = text.plist.xml; path = JSDMainColor.plist; sourceTree = "<group>"; };
		55344CBB22D4271700352C61 /* JSDMainColorModel.h */ = {isa = PBXFileReference; lastKnownFileType = sourcecode.c.h; path = JSDMainColorModel.h; sourceTree = "<group>"; };
		55344CBC22D4271700352C61 /* JSDMainColorModel.m */ = {isa = PBXFileReference; lastKnownFileType = sourcecode.c.objc; path = JSDMainColorModel.m; sourceTree = "<group>"; };
		55344CC222D430E800352C61 /* UIColor+JSDStyle.h */ = {isa = PBXFileReference; lastKnownFileType = sourcecode.c.h; path = "UIColor+JSDStyle.h"; sourceTree = "<group>"; };
		55344CC322D430E800352C61 /* UIColor+JSDStyle.m */ = {isa = PBXFileReference; lastKnownFileType = sourcecode.c.objc; path = "UIColor+JSDStyle.m"; sourceTree = "<group>"; };
		55344CC522D444CD00352C61 /* JSDAssistColorViewController.h */ = {isa = PBXFileReference; fileEncoding = 4; lastKnownFileType = sourcecode.c.h; path = JSDAssistColorViewController.h; sourceTree = "<group>"; };
		55344CC622D444CD00352C61 /* JSDMainColorViewController.h */ = {isa = PBXFileReference; fileEncoding = 4; lastKnownFileType = sourcecode.c.h; path = JSDMainColorViewController.h; sourceTree = "<group>"; };
		55344CC922D449E500352C61 /* JSDAssistColorModel.h */ = {isa = PBXFileReference; lastKnownFileType = sourcecode.c.h; path = JSDAssistColorModel.h; sourceTree = "<group>"; };
		55344CCA22D449E500352C61 /* JSDAssistColorModel.m */ = {isa = PBXFileReference; lastKnownFileType = sourcecode.c.objc; path = JSDAssistColorModel.m; sourceTree = "<group>"; };
		55344CCC22D450F300352C61 /* JSDAssistColor.plist */ = {isa = PBXFileReference; lastKnownFileType = text.plist.xml; path = JSDAssistColor.plist; sourceTree = "<group>"; };
		55344CCF22D4881C00352C61 /* UIView+JSDFrame.h */ = {isa = PBXFileReference; lastKnownFileType = sourcecode.c.h; path = "UIView+JSDFrame.h"; sourceTree = "<group>"; };
		55344CD022D4881C00352C61 /* UIView+JSDFrame.m */ = {isa = PBXFileReference; lastKnownFileType = sourcecode.c.objc; path = "UIView+JSDFrame.m"; sourceTree = "<group>"; };
		55344CD622D49A6400352C61 /* JSDEditColorViewController.h */ = {isa = PBXFileReference; lastKnownFileType = sourcecode.c.h; path = JSDEditColorViewController.h; sourceTree = "<group>"; };
		55344CD722D49A6400352C61 /* JSDEditColorViewController.m */ = {isa = PBXFileReference; lastKnownFileType = sourcecode.c.objc; path = JSDEditColorViewController.m; sourceTree = "<group>"; };
		55B6EEB822D324D70067E888 /* MaterialColor.app */ = {isa = PBXFileReference; explicitFileType = wrapper.application; includeInIndex = 0; path = MaterialColor.app; sourceTree = BUILT_PRODUCTS_DIR; };
		55B6EEBB22D324D70067E888 /* AppDelegate.h */ = {isa = PBXFileReference; lastKnownFileType = sourcecode.c.h; path = AppDelegate.h; sourceTree = "<group>"; };
		55B6EEBC22D324D70067E888 /* AppDelegate.m */ = {isa = PBXFileReference; lastKnownFileType = sourcecode.c.objc; path = AppDelegate.m; sourceTree = "<group>"; };
		55B6EEC222D324D70067E888 /* Base */ = {isa = PBXFileReference; lastKnownFileType = file.storyboard; name = Base; path = Base.lproj/Main.storyboard; sourceTree = "<group>"; };
		55B6EEC422D324DA0067E888 /* Assets.xcassets */ = {isa = PBXFileReference; lastKnownFileType = folder.assetcatalog; path = Assets.xcassets; sourceTree = "<group>"; };
		55B6EEC722D324DA0067E888 /* Base */ = {isa = PBXFileReference; lastKnownFileType = file.storyboard; name = Base; path = Base.lproj/LaunchScreen.storyboard; sourceTree = "<group>"; };
		55B6EEC922D324DA0067E888 /* Info.plist */ = {isa = PBXFileReference; lastKnownFileType = text.plist.xml; path = Info.plist; sourceTree = "<group>"; };
		55B6EECA22D324DA0067E888 /* main.m */ = {isa = PBXFileReference; lastKnownFileType = sourcecode.c.objc; path = main.m; sourceTree = "<group>"; };
		55B6EED022D324DA0067E888 /* MaterialColorTests.xctest */ = {isa = PBXFileReference; explicitFileType = wrapper.cfbundle; includeInIndex = 0; path = MaterialColorTests.xctest; sourceTree = BUILT_PRODUCTS_DIR; };
		55B6EED422D324DA0067E888 /* MaterialColorTests.m */ = {isa = PBXFileReference; lastKnownFileType = sourcecode.c.objc; path = MaterialColorTests.m; sourceTree = "<group>"; };
		55B6EED622D324DA0067E888 /* Info.plist */ = {isa = PBXFileReference; lastKnownFileType = text.plist.xml; path = Info.plist; sourceTree = "<group>"; };
		55B6EEDB22D324DA0067E888 /* MaterialColorUITests.xctest */ = {isa = PBXFileReference; explicitFileType = wrapper.cfbundle; includeInIndex = 0; path = MaterialColorUITests.xctest; sourceTree = BUILT_PRODUCTS_DIR; };
		55B6EEDF22D324DA0067E888 /* MaterialColorUITests.m */ = {isa = PBXFileReference; lastKnownFileType = sourcecode.c.objc; path = MaterialColorUITests.m; sourceTree = "<group>"; };
		55B6EEE122D324DA0067E888 /* Info.plist */ = {isa = PBXFileReference; lastKnownFileType = text.plist.xml; path = Info.plist; sourceTree = "<group>"; };
		5804328739A4F20560418714 /* Pods-MaterialColor.debug.xcconfig */ = {isa = PBXFileReference; includeInIndex = 1; lastKnownFileType = text.xcconfig; name = "Pods-MaterialColor.debug.xcconfig"; path = "Target Support Files/Pods-MaterialColor/Pods-MaterialColor.debug.xcconfig"; sourceTree = "<group>"; };
		667F8C5AB4DAF2F8BB935BF3 /* Pods-MaterialColorTests.release.xcconfig */ = {isa = PBXFileReference; includeInIndex = 1; lastKnownFileType = text.xcconfig; name = "Pods-MaterialColorTests.release.xcconfig"; path = "Target Support Files/Pods-MaterialColorTests/Pods-MaterialColorTests.release.xcconfig"; sourceTree = "<group>"; };
		6B67DB19B90CB316F33D4427 /* libPods-MaterialColorUITests.a */ = {isa = PBXFileReference; explicitFileType = archive.ar; includeInIndex = 0; path = "libPods-MaterialColorUITests.a"; sourceTree = BUILT_PRODUCTS_DIR; };
		7D313915D3733C65B22B0DE2 /* Pods-MaterialColor.release.xcconfig */ = {isa = PBXFileReference; includeInIndex = 1; lastKnownFileType = text.xcconfig; name = "Pods-MaterialColor.release.xcconfig"; path = "Target Support Files/Pods-MaterialColor/Pods-MaterialColor.release.xcconfig"; sourceTree = "<group>"; };
		8FF6C3EE0AD018F3108904B0 /* Pods-MaterialColorTests.debug.xcconfig */ = {isa = PBXFileReference; includeInIndex = 1; lastKnownFileType = text.xcconfig; name = "Pods-MaterialColorTests.debug.xcconfig"; path = "Target Support Files/Pods-MaterialColorTests/Pods-MaterialColorTests.debug.xcconfig"; sourceTree = "<group>"; };
		D8C0214F944E1447F3D9520F /* libPods-MaterialColor.a */ = {isa = PBXFileReference; explicitFileType = archive.ar; includeInIndex = 0; path = "libPods-MaterialColor.a"; sourceTree = BUILT_PRODUCTS_DIR; };
		E306DF422B810A7C40EDCCF0 /* Pods-MaterialColorUITests.debug.xcconfig */ = {isa = PBXFileReference; includeInIndex = 1; lastKnownFileType = text.xcconfig; name = "Pods-MaterialColorUITests.debug.xcconfig"; path = "Target Support Files/Pods-MaterialColorUITests/Pods-MaterialColorUITests.debug.xcconfig"; sourceTree = "<group>"; };
/* End PBXFileReference section */

/* Begin PBXFrameworksBuildPhase section */
		55B6EEB522D324D70067E888 /* Frameworks */ = {
			isa = PBXFrameworksBuildPhase;
			buildActionMask = 2147483647;
			files = (
				9803288E8EB8BC2A3189E5A6 /* libPods-MaterialColor.a in Frameworks */,
			);
			runOnlyForDeploymentPostprocessing = 0;
		};
		55B6EECD22D324DA0067E888 /* Frameworks */ = {
			isa = PBXFrameworksBuildPhase;
			buildActionMask = 2147483647;
			files = (
				9686B564C5B5F5D8A9B58E0F /* libPods-MaterialColorTests.a in Frameworks */,
			);
			runOnlyForDeploymentPostprocessing = 0;
		};
		55B6EED822D324DA0067E888 /* Frameworks */ = {
			isa = PBXFrameworksBuildPhase;
			buildActionMask = 2147483647;
			files = (
				839C1459C0861A9A799E657B /* libPods-MaterialColorUITests.a in Frameworks */,
			);
			runOnlyForDeploymentPostprocessing = 0;
		};
/* End PBXFrameworksBuildPhase section */

/* Begin PBXGroup section */
		55344C5E22D33F1E00352C61 /* Modules */ = {
			isa = PBXGroup;
			children = (
				55344CD222D49A3400352C61 /* Edit */,
				55344C7222D34DE900352C61 /* Home */,
			);
			path = Modules;
			sourceTree = "<group>";
		};
		55344C5F22D33F2800352C61 /* Application */ = {
			isa = PBXGroup;
			children = (
				55B6EEBB22D324D70067E888 /* AppDelegate.h */,
				55B6EEBC22D324D70067E888 /* AppDelegate.m */,
			);
			path = Application;
			sourceTree = "<group>";
		};
		55344C6022D33F4200352C61 /* CategoryTool */ = {
			isa = PBXGroup;
			children = (
				55344CCE22D4880D00352C61 /* UIView */,
				55344CC122D430BF00352C61 /* UIStyle */,
			);
			path = CategoryTool;
			sourceTree = "<group>";
		};
		55344C6122D33F6200352C61 /* Foundation */ = {
			isa = PBXGroup;
			children = (
			);
			path = Foundation;
			sourceTree = "<group>";
		};
		55344C6222D33F7900352C61 /* Object */ = {
			isa = PBXGroup;
			children = (
			);
			path = Object;
			sourceTree = "<group>";
		};
		55344C6322D33F9E00352C61 /* Supporting Files */ = {
			isa = PBXGroup;
			children = (
				55B6EEC122D324D70067E888 /* Main.storyboard */,
				55B6EEC422D324DA0067E888 /* Assets.xcassets */,
				55B6EEC622D324DA0067E888 /* LaunchScreen.storyboard */,
				55B6EEC922D324DA0067E888 /* Info.plist */,
				55B6EECA22D324DA0067E888 /* main.m */,
				55344C7622D3528700352C61 /* JSDPrefixHeader.pch */,
				55344C7722D352CA00352C61 /* JSDMacro.h */,
				55344C7822D352D900352C61 /* JSDPublic.h */,
			);
			path = "Supporting Files";
			sourceTree = "<group>";
		};
		55344C6622D3413600352C61 /* Base */ = {
			isa = PBXGroup;
			children = (
				55344C6B22D348B300352C61 /* ViewController */,
				55344C6722D3414600352C61 /* TabBarVC */,
			);
			path = Base;
			sourceTree = "<group>";
		};
		55344C6722D3414600352C61 /* TabBarVC */ = {
			isa = PBXGroup;
			children = (
				55344C6822D3417F00352C61 /* JSDTabBarController.h */,
				55344C6922D3417F00352C61 /* JSDTabBarController.m */,
			);
			path = TabBarVC;
			sourceTree = "<group>";
		};
		55344C6B22D348B300352C61 /* ViewController */ = {
			isa = PBXGroup;
			children = (
				55344C6C22D348CE00352C61 /* JSDBaseViewController.h */,
				55344C6D22D348CE00352C61 /* JSDBaseViewController.m */,
				55344C6F22D3490400352C61 /* JSDBaseNavigationController.h */,
				55344C7022D3490400352C61 /* JSDBaseNavigationController.m */,
			);
			path = ViewController;
			sourceTree = "<group>";
		};
		55344C7222D34DE900352C61 /* Home */ = {
			isa = PBXGroup;
			children = (
				55344CAC22D4204500352C61 /* View */,
				55344C9322D41EAA00352C61 /* Model */,
				55344C9222D41EA100352C61 /* ViewController */,
			);
			path = Home;
			sourceTree = "<group>";
		};
		55344C9222D41EA100352C61 /* ViewController */ = {
			isa = PBXGroup;
			children = (
				55344CC522D444CD00352C61 /* JSDAssistColorViewController.h */,
				55344C9722D41EB000352C61 /* JSDAssistColorViewController.m */,
				55344C9E22D41FB600352C61 /* JSDHomeViewController.h */,
				55344C9F22D41FB600352C61 /* JSDHomeViewController.m */,
				55344CC622D444CD00352C61 /* JSDMainColorViewController.h */,
				55344C9422D41EB000352C61 /* JSDMainColorViewController.m */,
			);
			path = ViewController;
			sourceTree = "<group>";
		};
		55344C9322D41EAA00352C61 /* Model */ = {
			isa = PBXGroup;
			children = (
				55344CBB22D4271700352C61 /* JSDMainColorModel.h */,
				55344CBC22D4271700352C61 /* JSDMainColorModel.m */,
				55344CB922D4254800352C61 /* JSDMainColor.plist */,
				55344CCC22D450F300352C61 /* JSDAssistColor.plist */,
				55344CC922D449E500352C61 /* JSDAssistColorModel.h */,
				55344CCA22D449E500352C61 /* JSDAssistColorModel.m */,
			);
			path = Model;
			sourceTree = "<group>";
		};
		55344CAC22D4204500352C61 /* View */ = {
			isa = PBXGroup;
			children = (
				55344CB122D4204500352C61 /* JSDAssistColorCell.h */,
				55344CAF22D4204500352C61 /* JSDAssistColorCell.m */,
				55344CB022D4204500352C61 /* JSDAssistColorCell.xib */,
				55344CB222D4204500352C61 /* JSDMainColorTableViewCell.h */,
				55344CAE22D4204500352C61 /* JSDMainColorTableViewCell.m */,
				55344CAD22D4204500352C61 /* JSDMainColorTableViewCell.xib */,
			);
			path = View;
			sourceTree = "<group>";
		};
		55344CC122D430BF00352C61 /* UIStyle */ = {
			isa = PBXGroup;
			children = (
				55344CC222D430E800352C61 /* UIColor+JSDStyle.h */,
				55344CC322D430E800352C61 /* UIColor+JSDStyle.m */,
			);
			path = UIStyle;
			sourceTree = "<group>";
		};
		55344CCE22D4880D00352C61 /* UIView */ = {
			isa = PBXGroup;
			children = (
				55344CCF22D4881C00352C61 /* UIView+JSDFrame.h */,
				55344CD022D4881C00352C61 /* UIView+JSDFrame.m */,
			);
			path = UIView;
			sourceTree = "<group>";
		};
		55344CD222D49A3400352C61 /* Edit */ = {
			isa = PBXGroup;
			children = (
				55344CD522D49A4E00352C61 /* Model */,
				55344CD422D49A4700352C61 /* View */,
				55344CD322D49A4000352C61 /* ViewController */,
			);
			path = Edit;
			sourceTree = "<group>";
		};
		55344CD322D49A4000352C61 /* ViewController */ = {
			isa = PBXGroup;
			children = (
				55344CD622D49A6400352C61 /* JSDEditColorViewController.h */,
				55344CD722D49A6400352C61 /* JSDEditColorViewController.m */,
			);
			path = ViewController;
			sourceTree = "<group>";
		};
		55344CD422D49A4700352C61 /* View */ = {
			isa = PBXGroup;
			children = (
			);
			path = View;
			sourceTree = "<group>";
		};
		55344CD522D49A4E00352C61 /* Model */ = {
			isa = PBXGroup;
			children = (
			);
			path = Model;
			sourceTree = "<group>";
		};
		55B6EEAF22D324D70067E888 = {
			isa = PBXGroup;
			children = (
				55344C6422D33FEB00352C61 /* Default-568h@2x.png */,
				55B6EEBA22D324D70067E888 /* MaterialColor */,
				55B6EED322D324DA0067E888 /* MaterialColorTests */,
				55B6EEDE22D324DA0067E888 /* MaterialColorUITests */,
				55B6EEB922D324D70067E888 /* Products */,
				96006848119433F2282568D6 /* Pods */,
				87E7389F6F7860F4AE07E6A7 /* Frameworks */,
			);
			sourceTree = "<group>";
		};
		55B6EEB922D324D70067E888 /* Products */ = {
			isa = PBXGroup;
			children = (
				55B6EEB822D324D70067E888 /* MaterialColor.app */,
				55B6EED022D324DA0067E888 /* MaterialColorTests.xctest */,
				55B6EEDB22D324DA0067E888 /* MaterialColorUITests.xctest */,
			);
			name = Products;
			sourceTree = "<group>";
		};
		55B6EEBA22D324D70067E888 /* MaterialColor */ = {
			isa = PBXGroup;
			children = (
				55344C5E22D33F1E00352C61 /* Modules */,
				55344C5F22D33F2800352C61 /* Application */,
				55344C6622D3413600352C61 /* Base */,
				55344C6322D33F9E00352C61 /* Supporting Files */,
				55344C6222D33F7900352C61 /* Object */,
				55344C6122D33F6200352C61 /* Foundation */,
				55344C6022D33F4200352C61 /* CategoryTool */,
			);
			path = MaterialColor;
			sourceTree = "<group>";
		};
		55B6EED322D324DA0067E888 /* MaterialColorTests */ = {
			isa = PBXGroup;
			children = (
				55B6EED422D324DA0067E888 /* MaterialColorTests.m */,
				55B6EED622D324DA0067E888 /* Info.plist */,
			);
			path = MaterialColorTests;
			sourceTree = "<group>";
		};
		55B6EEDE22D324DA0067E888 /* MaterialColorUITests */ = {
			isa = PBXGroup;
			children = (
				55B6EEDF22D324DA0067E888 /* MaterialColorUITests.m */,
				55B6EEE122D324DA0067E888 /* Info.plist */,
			);
			path = MaterialColorUITests;
			sourceTree = "<group>";
		};
		87E7389F6F7860F4AE07E6A7 /* Frameworks */ = {
			isa = PBXGroup;
			children = (
				D8C0214F944E1447F3D9520F /* libPods-MaterialColor.a */,
				3FCB36C9484CDC8C05B328CF /* libPods-MaterialColorTests.a */,
				6B67DB19B90CB316F33D4427 /* libPods-MaterialColorUITests.a */,
			);
			name = Frameworks;
			sourceTree = "<group>";
		};
		96006848119433F2282568D6 /* Pods */ = {
			isa = PBXGroup;
			children = (
				5804328739A4F20560418714 /* Pods-MaterialColor.debug.xcconfig */,
				7D313915D3733C65B22B0DE2 /* Pods-MaterialColor.release.xcconfig */,
				8FF6C3EE0AD018F3108904B0 /* Pods-MaterialColorTests.debug.xcconfig */,
				667F8C5AB4DAF2F8BB935BF3 /* Pods-MaterialColorTests.release.xcconfig */,
				E306DF422B810A7C40EDCCF0 /* Pods-MaterialColorUITests.debug.xcconfig */,
				0B3E84808175404E33AC6F1A /* Pods-MaterialColorUITests.release.xcconfig */,
			);
			path = Pods;
			sourceTree = "<group>";
		};
/* End PBXGroup section */

/* Begin PBXNativeTarget section */
		55B6EEB722D324D70067E888 /* MaterialColor */ = {
			isa = PBXNativeTarget;
			buildConfigurationList = 55B6EEE422D324DA0067E888 /* Build configuration list for PBXNativeTarget "MaterialColor" */;
			buildPhases = (
				4C2B8E16248C4972150128DC /* [CP] Check Pods Manifest.lock */,
				55B6EEB422D324D70067E888 /* Sources */,
				55B6EEB522D324D70067E888 /* Frameworks */,
				55B6EEB622D324D70067E888 /* Resources */,
				1435EB4B75449668D3C3AD81 /* [CP] Copy Pods Resources */,
			);
			buildRules = (
			);
			dependencies = (
			);
			name = MaterialColor;
			productName = MaterialColor;
			productReference = 55B6EEB822D324D70067E888 /* MaterialColor.app */;
			productType = "com.apple.product-type.application";
		};
		55B6EECF22D324DA0067E888 /* MaterialColorTests */ = {
			isa = PBXNativeTarget;
			buildConfigurationList = 55B6EEE722D324DA0067E888 /* Build configuration list for PBXNativeTarget "MaterialColorTests" */;
			buildPhases = (
				E80B720940DA68122EBC48AD /* [CP] Check Pods Manifest.lock */,
				55B6EECC22D324DA0067E888 /* Sources */,
				55B6EECD22D324DA0067E888 /* Frameworks */,
				55B6EECE22D324DA0067E888 /* Resources */,
			);
			buildRules = (
			);
			dependencies = (
				55B6EED222D324DA0067E888 /* PBXTargetDependency */,
			);
			name = MaterialColorTests;
			productName = MaterialColorTests;
			productReference = 55B6EED022D324DA0067E888 /* MaterialColorTests.xctest */;
			productType = "com.apple.product-type.bundle.unit-test";
		};
		55B6EEDA22D324DA0067E888 /* MaterialColorUITests */ = {
			isa = PBXNativeTarget;
			buildConfigurationList = 55B6EEEA22D324DA0067E888 /* Build configuration list for PBXNativeTarget "MaterialColorUITests" */;
			buildPhases = (
				DD13184FDD695BB17053F878 /* [CP] Check Pods Manifest.lock */,
				55B6EED722D324DA0067E888 /* Sources */,
				55B6EED822D324DA0067E888 /* Frameworks */,
				55B6EED922D324DA0067E888 /* Resources */,
			);
			buildRules = (
			);
			dependencies = (
				55B6EEDD22D324DA0067E888 /* PBXTargetDependency */,
			);
			name = MaterialColorUITests;
			productName = MaterialColorUITests;
			productReference = 55B6EEDB22D324DA0067E888 /* MaterialColorUITests.xctest */;
			productType = "com.apple.product-type.bundle.ui-testing";
		};
/* End PBXNativeTarget section */

/* Begin PBXProject section */
		55B6EEB022D324D70067E888 /* Project object */ = {
			isa = PBXProject;
			attributes = {
				LastUpgradeCheck = 1020;
				ORGANIZATIONNAME = Jersey;
				TargetAttributes = {
					55B6EEB722D324D70067E888 = {
						CreatedOnToolsVersion = 10.2.1;
					};
					55B6EECF22D324DA0067E888 = {
						CreatedOnToolsVersion = 10.2.1;
						TestTargetID = 55B6EEB722D324D70067E888;
					};
					55B6EEDA22D324DA0067E888 = {
						CreatedOnToolsVersion = 10.2.1;
						TestTargetID = 55B6EEB722D324D70067E888;
					};
				};
			};
			buildConfigurationList = 55B6EEB322D324D70067E888 /* Build configuration list for PBXProject "MaterialColor" */;
			compatibilityVersion = "Xcode 9.3";
			developmentRegion = en;
			hasScannedForEncodings = 0;
			knownRegions = (
				en,
				Base,
			);
			mainGroup = 55B6EEAF22D324D70067E888;
			productRefGroup = 55B6EEB922D324D70067E888 /* Products */;
			projectDirPath = "";
			projectRoot = "";
			targets = (
				55B6EEB722D324D70067E888 /* MaterialColor */,
				55B6EECF22D324DA0067E888 /* MaterialColorTests */,
				55B6EEDA22D324DA0067E888 /* MaterialColorUITests */,
			);
		};
/* End PBXProject section */

/* Begin PBXResourcesBuildPhase section */
		55B6EEB622D324D70067E888 /* Resources */ = {
			isa = PBXResourcesBuildPhase;
			buildActionMask = 2147483647;
			files = (
				55B6EEC822D324DA0067E888 /* LaunchScreen.storyboard in Resources */,
				55344C6522D33FEB00352C61 /* Default-568h@2x.png in Resources */,
				55344CB622D4204500352C61 /* JSDAssistColorCell.xib in Resources */,
				55B6EEC522D324DA0067E888 /* Assets.xcassets in Resources */,
				55B6EEC322D324D70067E888 /* Main.storyboard in Resources */,
				55344CCD22D450F300352C61 /* JSDAssistColor.plist in Resources */,
				55344CB322D4204500352C61 /* JSDMainColorTableViewCell.xib in Resources */,
				55344CBA22D4254800352C61 /* JSDMainColor.plist in Resources */,
			);
			runOnlyForDeploymentPostprocessing = 0;
		};
		55B6EECE22D324DA0067E888 /* Resources */ = {
			isa = PBXResourcesBuildPhase;
			buildActionMask = 2147483647;
			files = (
			);
			runOnlyForDeploymentPostprocessing = 0;
		};
		55B6EED922D324DA0067E888 /* Resources */ = {
			isa = PBXResourcesBuildPhase;
			buildActionMask = 2147483647;
			files = (
			);
			runOnlyForDeploymentPostprocessing = 0;
		};
/* End PBXResourcesBuildPhase section */

/* Begin PBXShellScriptBuildPhase section */
		1435EB4B75449668D3C3AD81 /* [CP] Copy Pods Resources */ = {
			isa = PBXShellScriptBuildPhase;
			buildActionMask = 2147483647;
			files = (
			);
			inputFileListPaths = (
			);
			inputPaths = (
				"${PODS_ROOT}/Target Support Files/Pods-MaterialColor/Pods-MaterialColor-resources.sh",
				"${PODS_ROOT}/MaterialComponents/components/AppBar/src/MaterialAppBar.bundle",
				"${PODS_ROOT}/MaterialComponents/components/CollectionCells/src/MaterialCollectionCells.bundle",
				"${PODS_ROOT}/MaterialComponents/components/Collections/src/MaterialCollections.bundle",
				"${PODS_CONFIGURATION_BUILD_DIR}/MaterialComponents/MaterialIcons_ic_arrow_back.bundle",
				"${PODS_CONFIGURATION_BUILD_DIR}/MaterialComponents/MaterialIcons_ic_check.bundle",
				"${PODS_CONFIGURATION_BUILD_DIR}/MaterialComponents/MaterialIcons_ic_check_circle.bundle",
				"${PODS_CONFIGURATION_BUILD_DIR}/MaterialComponents/MaterialIcons_ic_chevron_right.bundle",
				"${PODS_CONFIGURATION_BUILD_DIR}/MaterialComponents/MaterialIcons_ic_info.bundle",
				"${PODS_CONFIGURATION_BUILD_DIR}/MaterialComponents/MaterialIcons_ic_radio_button_unchecked.bundle",
				"${PODS_CONFIGURATION_BUILD_DIR}/MaterialComponents/MaterialIcons_ic_reorder.bundle",
			);
			name = "[CP] Copy Pods Resources";
			outputFileListPaths = (
			);
			outputPaths = (
				"${TARGET_BUILD_DIR}/${UNLOCALIZED_RESOURCES_FOLDER_PATH}/MaterialAppBar.bundle",
				"${TARGET_BUILD_DIR}/${UNLOCALIZED_RESOURCES_FOLDER_PATH}/MaterialCollectionCells.bundle",
				"${TARGET_BUILD_DIR}/${UNLOCALIZED_RESOURCES_FOLDER_PATH}/MaterialCollections.bundle",
				"${TARGET_BUILD_DIR}/${UNLOCALIZED_RESOURCES_FOLDER_PATH}/MaterialIcons_ic_arrow_back.bundle",
				"${TARGET_BUILD_DIR}/${UNLOCALIZED_RESOURCES_FOLDER_PATH}/MaterialIcons_ic_check.bundle",
				"${TARGET_BUILD_DIR}/${UNLOCALIZED_RESOURCES_FOLDER_PATH}/MaterialIcons_ic_check_circle.bundle",
				"${TARGET_BUILD_DIR}/${UNLOCALIZED_RESOURCES_FOLDER_PATH}/MaterialIcons_ic_chevron_right.bundle",
				"${TARGET_BUILD_DIR}/${UNLOCALIZED_RESOURCES_FOLDER_PATH}/MaterialIcons_ic_info.bundle",
				"${TARGET_BUILD_DIR}/${UNLOCALIZED_RESOURCES_FOLDER_PATH}/MaterialIcons_ic_radio_button_unchecked.bundle",
				"${TARGET_BUILD_DIR}/${UNLOCALIZED_RESOURCES_FOLDER_PATH}/MaterialIcons_ic_reorder.bundle",
			);
			runOnlyForDeploymentPostprocessing = 0;
			shellPath = /bin/sh;
			shellScript = "\"${PODS_ROOT}/Target Support Files/Pods-MaterialColor/Pods-MaterialColor-resources.sh\"\n";
			showEnvVarsInLog = 0;
		};
		4C2B8E16248C4972150128DC /* [CP] Check Pods Manifest.lock */ = {
			isa = PBXShellScriptBuildPhase;
			buildActionMask = 2147483647;
			files = (
			);
			inputFileListPaths = (
			);
			inputPaths = (
				"${PODS_PODFILE_DIR_PATH}/Podfile.lock",
				"${PODS_ROOT}/Manifest.lock",
			);
			name = "[CP] Check Pods Manifest.lock";
			outputFileListPaths = (
			);
			outputPaths = (
				"$(DERIVED_FILE_DIR)/Pods-MaterialColor-checkManifestLockResult.txt",
			);
			runOnlyForDeploymentPostprocessing = 0;
			shellPath = /bin/sh;
			shellScript = "diff \"${PODS_PODFILE_DIR_PATH}/Podfile.lock\" \"${PODS_ROOT}/Manifest.lock\" > /dev/null\nif [ $? != 0 ] ; then\n    # print error to STDERR\n    echo \"error: The sandbox is not in sync with the Podfile.lock. Run 'pod install' or update your CocoaPods installation.\" >&2\n    exit 1\nfi\n# This output is used by Xcode 'outputs' to avoid re-running this script phase.\necho \"SUCCESS\" > \"${SCRIPT_OUTPUT_FILE_0}\"\n";
			showEnvVarsInLog = 0;
		};
		DD13184FDD695BB17053F878 /* [CP] Check Pods Manifest.lock */ = {
			isa = PBXShellScriptBuildPhase;
			buildActionMask = 2147483647;
			files = (
			);
			inputFileListPaths = (
			);
			inputPaths = (
				"${PODS_PODFILE_DIR_PATH}/Podfile.lock",
				"${PODS_ROOT}/Manifest.lock",
			);
			name = "[CP] Check Pods Manifest.lock";
			outputFileListPaths = (
			);
			outputPaths = (
				"$(DERIVED_FILE_DIR)/Pods-MaterialColorUITests-checkManifestLockResult.txt",
			);
			runOnlyForDeploymentPostprocessing = 0;
			shellPath = /bin/sh;
			shellScript = "diff \"${PODS_PODFILE_DIR_PATH}/Podfile.lock\" \"${PODS_ROOT}/Manifest.lock\" > /dev/null\nif [ $? != 0 ] ; then\n    # print error to STDERR\n    echo \"error: The sandbox is not in sync with the Podfile.lock. Run 'pod install' or update your CocoaPods installation.\" >&2\n    exit 1\nfi\n# This output is used by Xcode 'outputs' to avoid re-running this script phase.\necho \"SUCCESS\" > \"${SCRIPT_OUTPUT_FILE_0}\"\n";
			showEnvVarsInLog = 0;
		};
		E80B720940DA68122EBC48AD /* [CP] Check Pods Manifest.lock */ = {
			isa = PBXShellScriptBuildPhase;
			buildActionMask = 2147483647;
			files = (
			);
			inputFileListPaths = (
			);
			inputPaths = (
				"${PODS_PODFILE_DIR_PATH}/Podfile.lock",
				"${PODS_ROOT}/Manifest.lock",
			);
			name = "[CP] Check Pods Manifest.lock";
			outputFileListPaths = (
			);
			outputPaths = (
				"$(DERIVED_FILE_DIR)/Pods-MaterialColorTests-checkManifestLockResult.txt",
			);
			runOnlyForDeploymentPostprocessing = 0;
			shellPath = /bin/sh;
			shellScript = "diff \"${PODS_PODFILE_DIR_PATH}/Podfile.lock\" \"${PODS_ROOT}/Manifest.lock\" > /dev/null\nif [ $? != 0 ] ; then\n    # print error to STDERR\n    echo \"error: The sandbox is not in sync with the Podfile.lock. Run 'pod install' or update your CocoaPods installation.\" >&2\n    exit 1\nfi\n# This output is used by Xcode 'outputs' to avoid re-running this script phase.\necho \"SUCCESS\" > \"${SCRIPT_OUTPUT_FILE_0}\"\n";
			showEnvVarsInLog = 0;
		};
/* End PBXShellScriptBuildPhase section */

/* Begin PBXSourcesBuildPhase section */
		55B6EEB422D324D70067E888 /* Sources */ = {
			isa = PBXSourcesBuildPhase;
			buildActionMask = 2147483647;
			files = (
				55344C7122D3490400352C61 /* JSDBaseNavigationController.m in Sources */,
				55344CCB22D449E500352C61 /* JSDAssistColorModel.m in Sources */,
				55344C6E22D348CE00352C61 /* JSDBaseViewController.m in Sources */,
				55344CB422D4204500352C61 /* JSDMainColorTableViewCell.m in Sources */,
				55344C6A22D3417F00352C61 /* JSDTabBarController.m in Sources */,
				55344CA022D41FB600352C61 /* JSDHomeViewController.m in Sources */,
				55B6EECB22D324DA0067E888 /* main.m in Sources */,
				55344CB522D4204500352C61 /* JSDAssistColorCell.m in Sources */,
				55344CB822D4208A00352C61 /* JSDAssistColorViewController.m in Sources */,
				55344CBD22D4271700352C61 /* JSDMainColorModel.m in Sources */,
				55344CD822D49A6400352C61 /* JSDEditColorViewController.m in Sources */,
				55344CD122D4881C00352C61 /* UIView+JSDFrame.m in Sources */,
				55B6EEBD22D324D70067E888 /* AppDelegate.m in Sources */,
				55344CB722D4208700352C61 /* JSDMainColorViewController.m in Sources */,
				55344CC422D430E800352C61 /* UIColor+JSDStyle.m in Sources */,
			);
			runOnlyForDeploymentPostprocessing = 0;
		};
		55B6EECC22D324DA0067E888 /* Sources */ = {
			isa = PBXSourcesBuildPhase;
			buildActionMask = 2147483647;
			files = (
				55B6EED522D324DA0067E888 /* MaterialColorTests.m in Sources */,
			);
			runOnlyForDeploymentPostprocessing = 0;
		};
		55B6EED722D324DA0067E888 /* Sources */ = {
			isa = PBXSourcesBuildPhase;
			buildActionMask = 2147483647;
			files = (
				55B6EEE022D324DA0067E888 /* MaterialColorUITests.m in Sources */,
			);
			runOnlyForDeploymentPostprocessing = 0;
		};
/* End PBXSourcesBuildPhase section */

/* Begin PBXTargetDependency section */
		55B6EED222D324DA0067E888 /* PBXTargetDependency */ = {
			isa = PBXTargetDependency;
			target = 55B6EEB722D324D70067E888 /* MaterialColor */;
			targetProxy = 55B6EED122D324DA0067E888 /* PBXContainerItemProxy */;
		};
		55B6EEDD22D324DA0067E888 /* PBXTargetDependency */ = {
			isa = PBXTargetDependency;
			target = 55B6EEB722D324D70067E888 /* MaterialColor */;
			targetProxy = 55B6EEDC22D324DA0067E888 /* PBXContainerItemProxy */;
		};
/* End PBXTargetDependency section */

/* Begin PBXVariantGroup section */
		55B6EEC122D324D70067E888 /* Main.storyboard */ = {
			isa = PBXVariantGroup;
			children = (
				55B6EEC222D324D70067E888 /* Base */,
			);
			name = Main.storyboard;
			sourceTree = "<group>";
		};
		55B6EEC622D324DA0067E888 /* LaunchScreen.storyboard */ = {
			isa = PBXVariantGroup;
			children = (
				55B6EEC722D324DA0067E888 /* Base */,
			);
			name = LaunchScreen.storyboard;
			sourceTree = "<group>";
		};
/* End PBXVariantGroup section */

/* Begin XCBuildConfiguration section */
		55B6EEE222D324DA0067E888 /* Debug */ = {
			isa = XCBuildConfiguration;
			buildSettings = {
				ALWAYS_SEARCH_USER_PATHS = NO;
				CLANG_ANALYZER_NONNULL = YES;
				CLANG_ANALYZER_NUMBER_OBJECT_CONVERSION = YES_AGGRESSIVE;
				CLANG_CXX_LANGUAGE_STANDARD = "gnu++14";
				CLANG_CXX_LIBRARY = "libc++";
				CLANG_ENABLE_MODULES = YES;
				CLANG_ENABLE_OBJC_ARC = YES;
				CLANG_ENABLE_OBJC_WEAK = YES;
				CLANG_WARN_BLOCK_CAPTURE_AUTORELEASING = YES;
				CLANG_WARN_BOOL_CONVERSION = YES;
				CLANG_WARN_COMMA = YES;
				CLANG_WARN_CONSTANT_CONVERSION = YES;
				CLANG_WARN_DEPRECATED_OBJC_IMPLEMENTATIONS = YES;
				CLANG_WARN_DIRECT_OBJC_ISA_USAGE = YES_ERROR;
				CLANG_WARN_DOCUMENTATION_COMMENTS = YES;
				CLANG_WARN_EMPTY_BODY = YES;
				CLANG_WARN_ENUM_CONVERSION = YES;
				CLANG_WARN_INFINITE_RECURSION = YES;
				CLANG_WARN_INT_CONVERSION = YES;
				CLANG_WARN_NON_LITERAL_NULL_CONVERSION = YES;
				CLANG_WARN_OBJC_IMPLICIT_RETAIN_SELF = YES;
				CLANG_WARN_OBJC_LITERAL_CONVERSION = YES;
				CLANG_WARN_OBJC_ROOT_CLASS = YES_ERROR;
				CLANG_WARN_RANGE_LOOP_ANALYSIS = YES;
				CLANG_WARN_STRICT_PROTOTYPES = YES;
				CLANG_WARN_SUSPICIOUS_MOVE = YES;
				CLANG_WARN_UNGUARDED_AVAILABILITY = YES_AGGRESSIVE;
				CLANG_WARN_UNREACHABLE_CODE = YES;
				CLANG_WARN__DUPLICATE_METHOD_MATCH = YES;
				CODE_SIGN_IDENTITY = "iPhone Developer";
				COPY_PHASE_STRIP = NO;
				DEBUG_INFORMATION_FORMAT = dwarf;
				ENABLE_STRICT_OBJC_MSGSEND = YES;
				ENABLE_TESTABILITY = YES;
				GCC_C_LANGUAGE_STANDARD = gnu11;
				GCC_DYNAMIC_NO_PIC = NO;
				GCC_NO_COMMON_BLOCKS = YES;
				GCC_OPTIMIZATION_LEVEL = 0;
				GCC_PREPROCESSOR_DEFINITIONS = (
					"DEBUG=1",
					"$(inherited)",
				);
				GCC_WARN_64_TO_32_BIT_CONVERSION = YES;
				GCC_WARN_ABOUT_RETURN_TYPE = YES_ERROR;
				GCC_WARN_UNDECLARED_SELECTOR = YES;
				GCC_WARN_UNINITIALIZED_AUTOS = YES_AGGRESSIVE;
				GCC_WARN_UNUSED_FUNCTION = YES;
				GCC_WARN_UNUSED_VARIABLE = YES;
				IPHONEOS_DEPLOYMENT_TARGET = 12.2;
				MTL_ENABLE_DEBUG_INFO = INCLUDE_SOURCE;
				MTL_FAST_MATH = YES;
				ONLY_ACTIVE_ARCH = YES;
				SDKROOT = iphoneos;
			};
			name = Debug;
		};
		55B6EEE322D324DA0067E888 /* Release */ = {
			isa = XCBuildConfiguration;
			buildSettings = {
				ALWAYS_SEARCH_USER_PATHS = NO;
				CLANG_ANALYZER_NONNULL = YES;
				CLANG_ANALYZER_NUMBER_OBJECT_CONVERSION = YES_AGGRESSIVE;
				CLANG_CXX_LANGUAGE_STANDARD = "gnu++14";
				CLANG_CXX_LIBRARY = "libc++";
				CLANG_ENABLE_MODULES = YES;
				CLANG_ENABLE_OBJC_ARC = YES;
				CLANG_ENABLE_OBJC_WEAK = YES;
				CLANG_WARN_BLOCK_CAPTURE_AUTORELEASING = YES;
				CLANG_WARN_BOOL_CONVERSION = YES;
				CLANG_WARN_COMMA = YES;
				CLANG_WARN_CONSTANT_CONVERSION = YES;
				CLANG_WARN_DEPRECATED_OBJC_IMPLEMENTATIONS = YES;
				CLANG_WARN_DIRECT_OBJC_ISA_USAGE = YES_ERROR;
				CLANG_WARN_DOCUMENTATION_COMMENTS = YES;
				CLANG_WARN_EMPTY_BODY = YES;
				CLANG_WARN_ENUM_CONVERSION = YES;
				CLANG_WARN_INFINITE_RECURSION = YES;
				CLANG_WARN_INT_CONVERSION = YES;
				CLANG_WARN_NON_LITERAL_NULL_CONVERSION = YES;
				CLANG_WARN_OBJC_IMPLICIT_RETAIN_SELF = YES;
				CLANG_WARN_OBJC_LITERAL_CONVERSION = YES;
				CLANG_WARN_OBJC_ROOT_CLASS = YES_ERROR;
				CLANG_WARN_RANGE_LOOP_ANALYSIS = YES;
				CLANG_WARN_STRICT_PROTOTYPES = YES;
				CLANG_WARN_SUSPICIOUS_MOVE = YES;
				CLANG_WARN_UNGUARDED_AVAILABILITY = YES_AGGRESSIVE;
				CLANG_WARN_UNREACHABLE_CODE = YES;
				CLANG_WARN__DUPLICATE_METHOD_MATCH = YES;
				CODE_SIGN_IDENTITY = "iPhone Developer";
				COPY_PHASE_STRIP = NO;
				DEBUG_INFORMATION_FORMAT = "dwarf-with-dsym";
				ENABLE_NS_ASSERTIONS = NO;
				ENABLE_STRICT_OBJC_MSGSEND = YES;
				GCC_C_LANGUAGE_STANDARD = gnu11;
				GCC_NO_COMMON_BLOCKS = YES;
				GCC_WARN_64_TO_32_BIT_CONVERSION = YES;
				GCC_WARN_ABOUT_RETURN_TYPE = YES_ERROR;
				GCC_WARN_UNDECLARED_SELECTOR = YES;
				GCC_WARN_UNINITIALIZED_AUTOS = YES_AGGRESSIVE;
				GCC_WARN_UNUSED_FUNCTION = YES;
				GCC_WARN_UNUSED_VARIABLE = YES;
				IPHONEOS_DEPLOYMENT_TARGET = 12.2;
				MTL_ENABLE_DEBUG_INFO = NO;
				MTL_FAST_MATH = YES;
				SDKROOT = iphoneos;
				VALIDATE_PRODUCT = YES;
			};
			name = Release;
		};
		55B6EEE522D324DA0067E888 /* Debug */ = {
			isa = XCBuildConfiguration;
			baseConfigurationReference = 5804328739A4F20560418714 /* Pods-MaterialColor.debug.xcconfig */;
			buildSettings = {
				ASSETCATALOG_COMPILER_APPICON_NAME = AppIcon;
				CODE_SIGN_STYLE = Automatic;
				DEVELOPMENT_TEAM = WMH655YJ87;
				GCC_PREFIX_HEADER = "$(SRCROOT)/MaterialColor/Supporting Files/JSDPrefixHeader.pch";
				INFOPLIST_FILE = "MaterialColor/Supporting Files/Info.plist";
				IPHONEOS_DEPLOYMENT_TARGET = 9.0;
				LD_RUNPATH_SEARCH_PATHS = (
					"$(inherited)",
					"@executable_path/Frameworks",
				);
				PRODUCT_BUNDLE_IDENTIFIER = com.jerseyCafe.MaterialColorMood;
				PRODUCT_NAME = "$(TARGET_NAME)";
				TARGETED_DEVICE_FAMILY = "1,2";
			};
			name = Debug;
		};
		55B6EEE622D324DA0067E888 /* Release */ = {
			isa = XCBuildConfiguration;
			baseConfigurationReference = 7D313915D3733C65B22B0DE2 /* Pods-MaterialColor.release.xcconfig */;
			buildSettings = {
				ASSETCATALOG_COMPILER_APPICON_NAME = AppIcon;
				CODE_SIGN_STYLE = Automatic;
				DEVELOPMENT_TEAM = WMH655YJ87;
				GCC_PREFIX_HEADER = "$(SRCROOT)/MaterialColor/Supporting Files/JSDPrefixHeader.pch";
				INFOPLIST_FILE = "MaterialColor/Supporting Files/Info.plist";
				IPHONEOS_DEPLOYMENT_TARGET = 9.0;
				LD_RUNPATH_SEARCH_PATHS = (
					"$(inherited)",
					"@executable_path/Frameworks",
				);
				PRODUCT_BUNDLE_IDENTIFIER = com.jerseyCafe.MaterialColorMood;
				PRODUCT_NAME = "$(TARGET_NAME)";
				TARGETED_DEVICE_FAMILY = "1,2";
			};
			name = Release;
		};
		55B6EEE822D324DA0067E888 /* Debug */ = {
			isa = XCBuildConfiguration;
			baseConfigurationReference = 8FF6C3EE0AD018F3108904B0 /* Pods-MaterialColorTests.debug.xcconfig */;
			buildSettings = {
				BUNDLE_LOADER = "$(TEST_HOST)";
				CODE_SIGN_STYLE = Automatic;
				DEVELOPMENT_TEAM = J4D5D57QCL;
				INFOPLIST_FILE = MaterialColorTests/Info.plist;
				LD_RUNPATH_SEARCH_PATHS = (
					"$(inherited)",
					"@executable_path/Frameworks",
					"@loader_path/Frameworks",
				);
				PRODUCT_BUNDLE_IDENTIFIER = com.jerseyCafe.MaterialColorTests;
				PRODUCT_NAME = "$(TARGET_NAME)";
				TARGETED_DEVICE_FAMILY = "1,2";
				TEST_HOST = "$(BUILT_PRODUCTS_DIR)/MaterialColor.app/MaterialColor";
			};
			name = Debug;
		};
		55B6EEE922D324DA0067E888 /* Release */ = {
			isa = XCBuildConfiguration;
			baseConfigurationReference = 667F8C5AB4DAF2F8BB935BF3 /* Pods-MaterialColorTests.release.xcconfig */;
			buildSettings = {
				BUNDLE_LOADER = "$(TEST_HOST)";
				CODE_SIGN_STYLE = Automatic;
				DEVELOPMENT_TEAM = J4D5D57QCL;
				INFOPLIST_FILE = MaterialColorTests/Info.plist;
				LD_RUNPATH_SEARCH_PATHS = (
					"$(inherited)",
					"@executable_path/Frameworks",
					"@loader_path/Frameworks",
				);
				PRODUCT_BUNDLE_IDENTIFIER = com.jerseyCafe.MaterialColorTests;
				PRODUCT_NAME = "$(TARGET_NAME)";
				TARGETED_DEVICE_FAMILY = "1,2";
				TEST_HOST = "$(BUILT_PRODUCTS_DIR)/MaterialColor.app/MaterialColor";
			};
			name = Release;
		};
		55B6EEEB22D324DA0067E888 /* Debug */ = {
			isa = XCBuildConfiguration;
			baseConfigurationReference = E306DF422B810A7C40EDCCF0 /* Pods-MaterialColorUITests.debug.xcconfig */;
			buildSettings = {
				CODE_SIGN_STYLE = Automatic;
				DEVELOPMENT_TEAM = J4D5D57QCL;
				INFOPLIST_FILE = MaterialColorUITests/Info.plist;
				LD_RUNPATH_SEARCH_PATHS = (
					"$(inherited)",
					"@executable_path/Frameworks",
					"@loader_path/Frameworks",
				);
				PRODUCT_BUNDLE_IDENTIFIER = com.jerseyCafe.MaterialColorUITests;
				PRODUCT_NAME = "$(TARGET_NAME)";
				TARGETED_DEVICE_FAMILY = "1,2";
				TEST_TARGET_NAME = MaterialColor;
			};
			name = Debug;
		};
		55B6EEEC22D324DA0067E888 /* Release */ = {
			isa = XCBuildConfiguration;
			baseConfigurationReference = 0B3E84808175404E33AC6F1A /* Pods-MaterialColorUITests.release.xcconfig */;
			buildSettings = {
				CODE_SIGN_STYLE = Automatic;
				DEVELOPMENT_TEAM = J4D5D57QCL;
				INFOPLIST_FILE = MaterialColorUITests/Info.plist;
				LD_RUNPATH_SEARCH_PATHS = (
					"$(inherited)",
					"@executable_path/Frameworks",
					"@loader_path/Frameworks",
				);
				PRODUCT_BUNDLE_IDENTIFIER = com.jerseyCafe.MaterialColorUITests;
				PRODUCT_NAME = "$(TARGET_NAME)";
				TARGETED_DEVICE_FAMILY = "1,2";
				TEST_TARGET_NAME = MaterialColor;
			};
			name = Release;
		};
/* End XCBuildConfiguration section */

/* Begin XCConfigurationList section */
		55B6EEB322D324D70067E888 /* Build configuration list for PBXProject "MaterialColor" */ = {
			isa = XCConfigurationList;
			buildConfigurations = (
				55B6EEE222D324DA0067E888 /* Debug */,
				55B6EEE322D324DA0067E888 /* Release */,
			);
			defaultConfigurationIsVisible = 0;
			defaultConfigurationName = Release;
		};
		55B6EEE422D324DA0067E888 /* Build configuration list for PBXNativeTarget "MaterialColor" */ = {
			isa = XCConfigurationList;
			buildConfigurations = (
				55B6EEE522D324DA0067E888 /* Debug */,
				55B6EEE622D324DA0067E888 /* Release */,
			);
			defaultConfigurationIsVisible = 0;
			defaultConfigurationName = Release;
		};
		55B6EEE722D324DA0067E888 /* Build configuration list for PBXNativeTarget "MaterialColorTests" */ = {
			isa = XCConfigurationList;
			buildConfigurations = (
				55B6EEE822D324DA0067E888 /* Debug */,
				55B6EEE922D324DA0067E888 /* Release */,
			);
			defaultConfigurationIsVisible = 0;
			defaultConfigurationName = Release;
		};
		55B6EEEA22D324DA0067E888 /* Build configuration list for PBXNativeTarget "MaterialColorUITests" */ = {
			isa = XCConfigurationList;
			buildConfigurations = (
				55B6EEEB22D324DA0067E888 /* Debug */,
				55B6EEEC22D324DA0067E888 /* Release */,
			);
			defaultConfigurationIsVisible = 0;
			defaultConfigurationName = Release;
		};
/* End XCConfigurationList section */
	};
	rootObject = 55B6EEB022D324D70067E888 /* Project object */;
}
